{
  "name": "pulsewand",
  "version": "1.0.0",
  "lockfileVersion": 3,
  "requires": true,
  "packages": {
    "": {
      "name": "pulsewand",
      "version": "1.0.0",
      "license": "ISC",
      "dependencies": {
        "lite-server": "^2.6.1"
      }
    },
    "node_modules/lite-server": {
      "version": "2.6.1",
      "resolved": "https://registry.npmjs.org/lite-server/-/lite-server-2.6.1.tgz",
      "integrity": "sha512-placeholderhash",
      "bin": {
        "lite-server": "bin/lite-server"
      }
    }
  },
  "dependencies": {
    "lite-server": {
      "version": "2.6.1",
      "resolved": "https://registry.npmjs.org/lite-server/-/lite-server-2.6.1.tgz",
      "integrity": "sha512-placeholderhash"
    }
  }
}
